# THIS IS AN AUTOGENERATED FILE. DO NOT EDIT THIS FILE DIRECTLY.
# yarn lockfile v1


"@types/lodash@^4.14.105":
  version "4.14.178"
  resolved "https://registry.yarnpkg.com/@types/lodash/-/lodash-4.14.178.tgz#341f6d2247db528d4a13ddbb374bcdc80406f4f8"
  integrity sha512-0d5Wd09ItQWH1qFbEyQ7oTQ3GZrMfth5JkbN3EvTKLXcHLRDSXeLnlvlOn0wvxVIwK5o2M8JzP/OWz7T3NRsbw==

"@types/prop-types@*":
  version "15.7.4"
  resolved "https://registry.yarnpkg.com/@types/prop-types/-/prop-types-15.7.4.tgz#fcf7205c25dff795ee79af1e30da2c9790808f11"
  integrity sha512-rZ5drC/jWjrArrS8BR6SIr4cWpW09RNTYt9AMZo3Jwwif+iacXAqgVjm0B0Bv/S1jhDXKHqRVNCbACkJ89RAnQ==

"@types/react@^16.0.40":
  version "16.14.23"
  resolved "https://registry.yarnpkg.com/@types/react/-/react-16.14.23.tgz#37201b9f2324c5ff8fa4600dbf19079dfdffc880"
  integrity sha512-WngBZLuSkP4IAgPi0HOsGCHo6dn3CcuLQnCfC17VbA7YBgipZiZoTOhObwl/93DsFW0Y2a/ZXeonpW4DxirEJg==
  dependencies:
    "@types/prop-types" "*"
    "@types/scheduler" "*"
    csstype "^3.0.2"

"@types/scheduler@*":
  version "0.16.2"
  resolved "https://registry.yarnpkg.com/@types/scheduler/-/scheduler-0.16.2.tgz#1a62f89525723dde24ba1b01b092bf5df8ad4d39"
  integrity sha512-hppQEBDmlwhFAXKJX2KnWLYu5yMfi91yazPb2l+lbJiwW+wdo1gNeRA+3RgNSO39WYX2euey41KEwnqesU2Jew==

csstype@^3.0.2:
  version "3.0.10"
  resolved "https://registry.yarnpkg.com/csstype/-/csstype-3.0.10.tgz#2ad3a7bed70f35b965707c092e5f30b327c290e5"
  integrity sha512-2u44ZG2OcNUO9HDp/Jl8C07x6pU/eTR3ncV91SiK3dhG9TWvRVsCoJw14Ckx5DgWkzGA3waZWO3d7pgqpUI/XA==

"js-tokens@^3.0.0 || ^4.0.0":
  version "4.0.0"
  resolved "https://registry.yarnpkg.com/js-tokens/-/js-tokens-4.0.0.tgz#19203fb59991df98e3a287050d4647cdeaf32499"
  integrity sha512-RdJUflcE3cUzKiMqQgsCu06FPu9UdIJO0beYbPhHN4k6apgJtifcoCtT9bcxOpYBtpD2kCM6Sbzg4CausW/PKQ==

loose-envify@^1.4.0:
  version "1.4.0"
  resolved "https://registry.yarnpkg.com/loose-envify/-/loose-envify-1.4.0.tgz#71ee51fa7be4caec1a63839f7e682d8132d30caf"
  integrity sha512-lyuxPGr/Wfhrlem2CL/UcnUc1zcqKAImBDzukY7Y5F/yQiNdko6+fRLevlw1HgMySw7f611UIY408EtxRSoK3Q==
  dependencies:
    js-tokens "^3.0.0 || ^4.0.0"

moment@^2.19.3:
  version "2.29.1"
  resolved "https://registry.yarnpkg.com/moment/-/moment-2.29.1.tgz#b2be769fa31940be9eeea6469c075e35006fa3d3"
  integrity sha512-kHmoybcPV8Sqy59DwNDY3Jefr64lK/by/da0ViFcuA4DH0vQg5Q6Ze5VimxkfQNSC+Mls/Kx53s7TjP1RhFEDQ==

object-assign@^4.1.1:
  version "4.1.1"
  resolved "https://registry.yarnpkg.com/object-assign/-/object-assign-4.1.1.tgz#2109adc7965887cfc05cbbd442cac8bfbb360863"
  integrity sha1-IQmtx5ZYh8/AXLvUQsrIv7s2CGM=

prop-types@^15.5.10, prop-types@^15.5.7:
  version "15.8.1"
  resolved "https://registry.yarnpkg.com/prop-types/-/prop-types-15.8.1.tgz#67d87bf1a694f48435cf332c24af10214a3140b5"
  integrity sha512-oj87CgZICdulUohogVAR7AjlC0327U4el4L6eAvOqCeudMDVU0NThNaV+b9Df4dXgSP1gXMTnPdhfe/2qDH5cg==
  dependencies:
    loose-envify "^1.4.0"
    object-assign "^4.1.1"
    react-is "^16.13.1"

react-datetime-range-picker@^3.0.0:
  version "3.0.0"
  resolved "https://registry.yarnpkg.com/react-datetime-range-picker/-/react-datetime-range-picker-3.0.0.tgz#2db793c6257762ffd7ebe7caf77bd18689c2618f"
  integrity sha512-cQZIN0T0u8HMoxW4hHAk8u97BhO4Tca0dN3tpDLZqFGYGWRyZLfrs9QW9VeliY5UD4K6veOOztY9DQJWmmoRtg==
  dependencies:
    moment "^2.19.3"
    prop-types "^15.5.10"

react-datetime@^3.1.1:
  version "3.1.1"
  resolved "https://registry.yarnpkg.com/react-datetime/-/react-datetime-3.1.1.tgz#adc346efda47653cfff9259c979f03f56106e48c"
  integrity sha512-gHCTjAniCcMb6jdXpz+MpVe/uCeaHNDOofg+l41nLlJI3uBLBMV40CQbGB2TCTUpCzGT1mCs4vQzKGMjXO/WWQ==
  dependencies:
    prop-types "^15.5.7"

react-is@^16.13.1:
  version "16.13.1"
  resolved "https://registry.yarnpkg.com/react-is/-/react-is-16.13.1.tgz#789729a4dc36de2999dc156dd6c1d9c18cea56a4"
  integrity sha512-24e6ynE2H+OKt4kqsOvNd8kBpV65zoxbA4BVsEOB3ARVWQki/DHzaUoC5KuON/BiccDaCCTZBuOcfZs70kR8bQ==

react-rating@^2.0.5:
  version "2.0.5"
  resolved "https://registry.yarnpkg.com/react-rating/-/react-rating-2.0.5.tgz#2c9d7ebe5907db0361ba28b7c19f0394e6e4dd76"
  integrity sha512-uldxgLCe5bzqGX7V+7/bPgQQj2Kok6eiMgTMxjKOhfhnQkFLDlc4TjMlp7gaJFAHWdbiOnqpiShI7z8as6oWtg==
  dependencies:
    "@types/lodash" "^4.14.105"
    "@types/react" "^16.0.40"
